{
  "name": "whatsapp-bot-render",
  "version": "1.0.0",
  "lockfileVersion": 3,
  "requires": true,
  "packages": {
    "": {
      "name": "whatsapp-bot-render",
      "version": "1.0.0",
      "license": "ISC",
      "dependencies": {
        "@supabase/supabase-js": "^2.49.4",
        "express": "^5.1.0",
        "axios": "^1.8.4",
        "whatsapp-web.js": "^1.27.0",
        "qrcode-terminal": "^0.12.0"
      },
      "engines": {
        "node": ">=18.0.0"
      }
    },
    "node_modules/@supabase/supabase-js": {
      "version": "2.49.4",
      "resolved": "https://registry.npmjs.org/@supabase/supabase-js/-/supabase-js-2.49.4.tgz",
      "integrity": "sha512-B4zz5eYNOLFG/tNpQ5dLnqvFUQ8Kc9QCvXiBJvCUF4QDzL8y6oKZbXxdyoUyPGRJtVWfRWVXAFRFvvDlQ+ZKg==",
      "dependencies": {
        "@supabase/functions-js": "^2.1.5",
        "@supabase/gotrue-js": "^2.65.0",
        "@supabase/realtime-js": "^2.7.4",
        "@supabase/storage-js": "^2.5.4",
        "cross-fetch": "^3.1.5"
      }
    },
    "node_modules/express": {
      "version": "5.1.0",
      "resolved": "https://registry.npmjs.org/express/-/express-5.1.0.tgz",
      "integrity": "sha512-1hcQk9o7HGHL0Z0D3UQJpVYPmHurVKR7IXDei4AbhSYdK7S+/3G0IZG8PVJ6kKhHUlwjj78tZDEPKENqhF0ohg==",
      "dependencies": {
        "accepts": "~1.3.8",
        "array-flatten": "3.0.0",
        "body-parser": "2.0.0-beta.1",
        "content-disposition": "0.5.4",
        "content-type": "~1.0.5",
        "cookie": "0.5.0",
        "cookie-signature": "1.0.6",
        "debug": "4.3.4",
        "depd": "2.0.0",
        "encodeurl": "~1.0.2",
        "escape-html": "~1.0.3",
        "etag": "~1.8.1",
        "finalhandler": "~1.2.0",
        "fresh": "0.5.2",
        "http-errors": "2.0.0",
        "merge-descriptors": "1.0.1",
        "methods": "~1.1.2",
        "mime-types": "~2.1.35",
        "on-finished": "2.4.1",
        "parseurl": "~1.3.3",
        "path-is-absolute": "1.0.1",
        "proxy-addr": "~2.0.7",
        "qs": "6.11.0",
        "range-parser": "~1.2.1",
        "router": "2.0.0-beta.2",
        "safe-buffer": "5.2.1",
        "send": "0.18.0",
        "serve-static": "1.15.0",
        "setprototypeof": "1.2.0",
        "statuses": "2.0.1",
        "type-is": "~1.6.18",
        "utils-merge": "1.0.1",
        "vary": "~1.1.2"
      },
      "engines": {
        "node": ">= 8.0.0"
      }
    },
    "node_modules/axios": {
      "version": "1.8.4",
      "resolved": "https://registry.npmjs.org/axios/-/axios-1.8.4.tgz",
      "integrity": "sha512-hLJrZx/TdhxnXJBG86KIhA4/F1yIhYVLf7VQ/Ckx1+S4ZN7rFKzNHudtRq8VDdcn0E9IoW/bFW2pNJg7TWkYzA==",
      "dependencies": {
        "follow-redirects": "^1.15.6",
        "form-data": "^4.0.0",
        "proxy-from-env": "^1.1.0"
      }
    },
    "node_modules/whatsapp-web.js": {
      "version": "1.27.0",
      "resolved": "https://registry.npmjs.org/whatsapp-web.js/-/whatsapp-web.js-1.27.0.tgz",
      "integrity": "sha512-KtEBaeBkzAYE5s0zTG2B6CloQXnCK1a3WG8MyjOtdXGwKnUkH7hWmK3lxlX6zzWpZgV8m6/3l9IYbOWEMkc6BA==",
      "dependencies": {
        "@pedroslopez/moduleraid": "^5.0.2",
        "fluent-ffmpeg": "^2.1.2",
        "jsqr": "^1.4.0",
        "mime": "^3.0.0",
        "node-fetch": "^2.6.5",
        "node-webpmux": "^3.1.0",
        "puppeteer": "^13.0.0",
        "sharp": "^0.33.1"
      },
      "engines": {
        "node": ">=12.0.0"
      }
    },
    "node_modules/qrcode-terminal": {
      "version": "0.12.0",
      "resolved": "https://registry.npmjs.org/qrcode-terminal/-/qrcode-terminal-0.12.0.tgz",
      "integrity": "sha512-EXtzRZmC+YGmGlDFbXKxQiMZNwCLEO6BANKXG4iCtSIM0yqc/pappSx3RIKr4r0uh5JsBckOXeKrB3Iz7mdQpQ==",
      "bin": {
        "qrcode-terminal": "bin/qrcode-terminal.js"
      }
    }
  }
}
